<?xml version="1.0" encoding="UTF-8" standalone="yes" ?>
<CodeBlocks_project_file>
	<FileVersion major="1" minor="6" />
	<Project>
		<Option title="SecondTask" />
		<Option pch_mode="2" />
		<Option compiler="gcc" />
		<Build>
			<Target title="Debug">
				<Option output="bin/Debug/SecondTask" prefix_auto="1" extension_auto="1" />
				<Option object_output="obj/Debug/" />
				<Option type="1" />
				<Option compiler="gcc" />
				<Compiler>
					<Add option="-g" />
				</Compiler>
			</Target>
			<Target title="Release">
				<Option output="bin/Release/SecondTask" prefix_auto="1" extension_auto="1" />
				<Option object_output="obj/Release/" />
				<Option type="1" />
				<Option compiler="gcc" />
				<Compiler>
					<Add option="-O2" />
				</Compiler>
				<Linker>
					<Add option="-s" />
				</Linker>
			</Target>
		</Build>
		<Compiler>
			<Add option="-Wall" />
			<Add option="-fexceptions" />
		</Compiler>
		<Unit filename="Md_Saeem_Hossain_Shanto_1912218642.cpp">
			<Option target="&lt;{~None~}&gt;" />
		</Unit>
		<Unit filename="Md_Saeem_Hossain_Shanto_1912218642.h">
			<Option target="&lt;{~None~}&gt;" />
		</Unit>
		<Unit filename="Md_Saeem_Hossain_Shanto_1912218642_timestamp.cpp">
			<Option target="&lt;{~None~}&gt;" />
		</Unit>
		<Unit filename="Md_Saeem_Hossain_Shanto_1912218642_timestamp.h">
			<Option target="&lt;{~None~}&gt;" />
		</Unit>
		<Unit filename="main.cpp" />
		<Extensions>
			<code_completion />
			<envvars />
			<debugger />
		</Extensions>
	</Project>
</CodeBlocks_project_file>
